{
  "object": {
    "pins": [
      {
        "package": "Segment",
        "repositoryURL": "https://github.com/segmentio/analytics-swift.git",
        "state": {
          "branch": null,
          "revision": "26f23a2ae9b8dd47aeee1bdaa1e203f3bed6044e",
          "version": "1.4.0"
        }
      },
      {
        "package": "NielsenAppApi",
        "repositoryURL": "https://github.com/NielsenDigitalSDK/nielsenappsdk-ios-dynamic-spm-global",
        "state": {
          "branch": null,
          "revision": "118f99cd07b43b4a398ee3e56b7bbe1ee962b3c1",
          "version": "8.2.0"
        }
      },
      {
        "package": "Sovran",
        "repositoryURL": "https://github.com/segmentio/Sovran-Swift.git",
        "state": {
          "branch": null,
          "revision": "944c17d7c46bd95fc37f09136cabd172be5b413b",
          "version": "1.0.3"
        }
      }
    ]
  },
  "version": 1
}
